# THIS IS AN AUTOGENERATED FILE. DO NOT EDIT THIS FILE DIRECTLY.
# yarn lockfile v1


apollo-server-errors@^2.4.2:
  version "2.4.2"
  resolved "https://registry.yarnpkg.com/apollo-server-errors/-/apollo-server-errors-2.4.2.tgz#1128738a1d14da989f58420896d70524784eabe5"
  integrity sha512-FeGxW3Batn6sUtX3OVVUm7o56EgjxDlmgpTLNyWcLb0j6P8mw9oLNyAm3B+deHA4KNdNHO5BmHS2g1SJYjqPCQ==

hijackresponse@^4.0.0:
  version "4.0.0"
  resolved "https://registry.yarnpkg.com/hijackresponse/-/hijackresponse-4.0.0.tgz#3490244f38b2b844187c3e0b16e27a74ee170617"
  integrity sha512-ilL2k2/k9NXk4QCx7dz7pV+ZRL8aOX9ZiaVD+5nql1fF5WdKNhXbPh4shyfICpgHoHiD4FKZ1jLgNKYDYhy0Yw==
