{
  "name": "server2",
  "version": "1.0.0",
  "lockfileVersion": 1,
  "requires": true,
  "dependencies": {
    "@nexus/schema": {
      "version": "0.14.0-next.1",
      "resolved": "https://registry.npmjs.org/@nexus/schema/-/schema-0.14.0-next.1.tgz",
      "integrity": "sha512-J0gx1iyIYhOpQt7aorDqWilCkTNGVv/OMSloFAl3hwGxZpX6NqiFN34ZqO5szdX3qyHWbU9TeCK2RXvStzfPGA==",
      "requires": {
        "iterall": "^1.2.2",
        "tslib": "^1.9.3"
      }
    },
    "graphql": {
      "version": "14.6.0",
      "resolved": "https://registry.npmjs.org/graphql/-/graphql-14.6.0.tgz",
      "integrity": "sha512-VKzfvHEKybTKjQVpTFrA5yUq2S9ihcZvfJAtsDBBCuV6wauPu1xl/f9ehgVf0FcEJJs4vz6ysb/ZMkGigQZseg==",
      "requires": {
        "iterall": "^1.2.2"
      }
    },
    "iterall": {
      "version": "1.3.0",
      "resolved": "https://registry.npmjs.org/iterall/-/iterall-1.3.0.tgz",
      "integrity": "sha512-QZ9qOMdF+QLHxy1QIpUHUU1D5pS2CG2P69LF6L6CPjPYA/XMOmKV3PZpawHoAjHNyB0swdVTRxdYT4tbBbxqwg=="
    },
    "tslib": {
      "version": "1.11.1",
      "resolved": "https://registry.npmjs.org/tslib/-/tslib-1.11.1.tgz",
      "integrity": "sha512-aZW88SY8kQbU7gpV19lN24LtXh/yD4ZZg6qieAJDDg+YBsJcSmLGK9QpnUjAKVG/xefmvJGd1WUmfpT/g6AJGA=="
    }
  }
}
