{
  "nodes": {
    "flake-utils": {
      "locked": {
        "lastModified": 1598466101,
        "narHash": "sha256-JPhv+Ay98KMWRVRFlLEK9+eLpvNjhTBGWdFKZsE97ck=",
        "owner": "numtide",
        "repo": "flake-utils",
        "rev": "a586a6b966d59f53f45a04f8891fbc017dc09dbe",
        "type": "github"
      },
      "original": {
        "owner": "numtide",
        "repo": "flake-utils",
        "type": "github"
      }
    },
    "nixpkgs": {
      "locked": {
        "lastModified": 1599141588,
        "narHash": "sha256-bhvyxuSF66M5OnQtwMkfUWo9qCAduJr9NBIqcqK/Ba8=",
        "owner": "NixOS",
        "repo": "nixpkgs",
        "rev": "9fd106a33cb26bc9d6c4fcd329dd3cba5b63e914",
        "type": "github"
      },
      "original": {
        "id": "nixpkgs",
        "type": "indirect"
      }
    },
    "root": {
      "inputs": {
        "flake-utils": "flake-utils",
        "nixpkgs": "nixpkgs"
      }
    }
  },
  "root": "root",
  "version": 7
}
