{
  "version": "v1",
  "packages": {
    "nexus-future": {
      "signature": "f33ae9283d651377af97085c7ab0ba44",
      "file": true,
      "replaced": "^0.13.0-next.12"
    },
    "nexus": {
      "signature": "a74a480af892a0f83e089b444d5f818e",
      "file": true
    },
    "nexus-plugin-graphql-shield": {
      "signature": "d6b74470f940c26fd6a958a837d5f977",
      "file": true
    }
  }
}